{
  "name": "snapbuild-router",
  "lockfileVersion": 3,
  "requires": true,
  "packages": {
    "": {
      "name": "snapbuild-router",
      "dependencies": {
        "esbuild-wasm": "^0.25.9"
      }
    },
    "node_modules/esbuild-wasm": {
      "version": "0.25.12",
      "resolved": "https://registry.npmjs.org/esbuild-wasm/-/esbuild-wasm-0.25.12.tgz",
      "integrity": "sha512-rZqkjL3Y6FwLpSHzLnaEy8Ps6veCNo1kZa9EOfJvmWtBq5dJH4iVjfmOO6Mlkv9B0tt9WFPFmb/VxlgJOnueNg==",
      "license": "MIT",
      "bin": {
        "esbuild": "bin/esbuild"
      },
      "engines": {
        "node": ">=18"
      }
    }
  }
}
